# THIS IS AN AUTOGENERATED FILE. DO NOT EDIT THIS FILE DIRECTLY.
# yarn lockfile v1


"@ampproject/remapping@^2.0.0":
  version "2.0.2"
  resolved "https://npd-tools.npdng.org/artifactory/api/npm/npm-virtual/@ampproject/remapping/-/remapping-2.0.2.tgz#f3d9760bf30588c51408dbe7c05ff2bb13069307"
  integrity sha1-89l2C/MFiMUUCNvnwF/yuxMGkwc=
  dependencies:
    "@jridgewell/trace-mapping" "^0.2.2"
    sourcemap-codec "1.4.8"

"@babel/code-frame@^7.16.7":
  version "7.16.7"
  resolved "https://npd-tools.npdng.org/artifactory/api/npm/npm-virtual/@babel/code-frame/-/code-frame-7.16.7.tgz#44416b6bd7624b998f5b1af5d470856c40138789"
  integrity sha1-REFra9diS5mPWxr11HCFbEATh4k=
  dependencies:
    "@babel/highlight" "^7.16.7"

"@babel/compat-data@^7.16.4":
  version "7.17.0"
  resolved "https://npd-tools.npdng.org/artifactory/api/npm/npm-virtual/@babel/compat-data/-/compat-data-7.17.0.tgz#86850b8597ea6962089770952075dcaabb8dba34"
  integrity sha1-hoULhZfqaWIIl3CVIHXcqruNujQ=

"@babel/core@^7.16.5":
  version "7.17.0"
  resolved "https://npd-tools.npdng.org/artifactory/api/npm/npm-virtual/@babel/core/-/core-7.17.0.tgz#16b8772b0a567f215839f689c5ded6bb20e864d5"
  integrity sha1-Frh3KwpWfyFYOfaJxd7WuyDoZNU=
  dependencies:
    "@ampproject/remapping" "^2.0.0"
    "@babel/code-frame" "^7.16.7"
    "@babel/generator" "^7.17.0"
    "@babel/helper-compilation-targets" "^7.16.7"
    "@babel/helper-module-transforms" "^7.16.7"
    "@babel/helpers" "^7.17.0"
    "@babel/parser" "^7.17.0"
    "@babel/template" "^7.16.7"
    "@babel/traverse" "^7.17.0"
    "@babel/types" "^7.17.0"
    convert-source-map "^1.7.0"
    debug "^4.1.0"
    gensync "^1.0.0-beta.2"
    json5 "^2.1.2"
    semver "^6.3.0"

"@babel/generator@^7.17.0":
  version "7.17.0"
  resolved "https://npd-tools.npdng.org/artifactory/api/npm/npm-virtual/@babel/generator/-/generator-7.17.0.tgz#7bd890ba706cd86d3e2f727322346ffdbf98f65e"
  integrity sha1-e9iQunBs2G0+L3JzIjRv/b+Y9l4=
  dependencies:
    "@babel/types" "^7.17.0"
    jsesc "^2.5.1"
    source-map "^0.5.0"

"@babel/helper-annotate-as-pure@^7.16.7":
  version "7.16.7"
  resolved "https://npd-tools.npdng.org/artifactory/api/npm/npm-virtual/@babel/helper-annotate-as-pure/-/helper-annotate-as-pure-7.16.7.tgz#bb2339a7534a9c128e3102024c60760a3a7f3862"
  integrity sha1-uyM5p1NKnBKOMQICTGB2Cjp/OGI=
  dependencies:
    "@babel/types" "^7.16.7"

"@babel/helper-compilation-targets@^7.16.7":
  version "7.16.7"
  resolved "https://npd-tools.npdng.org/artifactory/api/npm/npm-virtual/@babel/helper-compilation-targets/-/helper-compilation-targets-7.16.7.tgz#06e66c5f299601e6c7da350049315e83209d551b"
  integrity sha1-BuZsXymWAebH2jUASTFegyCdVRs=
  dependencies:
    "@babel/compat-data" "^7.16.4"
    "@babel/helper-validator-option" "^7.16.7"
    browserslist "^4.17.5"
    semver "^6.3.0"

"@babel/helper-environment-visitor@^7.16.7":
  version "7.16.7"
  resolved "https://npd-tools.npdng.org/artifactory/api/npm/npm-virtual/@babel/helper-environment-visitor/-/helper-environment-visitor-7.16.7.tgz#ff484094a839bde9d89cd63cba017d7aae80ecd7"
  integrity sha1-/0hAlKg5venYnNY8ugF9eq6A7Nc=
  dependencies:
    "@babel/types" "^7.16.7"

"@babel/helper-function-name@^7.16.7":
  version "7.16.7"
  resolved "https://npd-tools.npdng.org/artifactory/api/npm/npm-virtual/@babel/helper-function-name/-/helper-function-name-7.16.7.tgz#f1ec51551fb1c8956bc8dd95f38523b6cf375f8f"
  integrity sha1-8exRVR+xyJVryN2V84Ujts83X48=
  dependencies:
    "@babel/helper-get-function-arity" "^7.16.7"
    "@babel/template" "^7.16.7"
    "@babel/types" "^7.16.7"

"@babel/helper-get-function-arity@^7.16.7":
  version "7.16.7"
  resolved "https://npd-tools.npdng.org/artifactory/api/npm/npm-virtual/@babel/helper-get-function-arity/-/helper-get-function-arity-7.16.7.tgz#ea08ac753117a669f1508ba06ebcc49156387419"
  integrity sha1-6gisdTEXpmnxUIugbrzEkVY4dBk=
  dependencies:
    "@babel/types" "^7.16.7"

"@babel/helper-hoist-variables@^7.16.7":
  version "7.16.7"
  resolved "https://npd-tools.npdng.org/artifactory/api/npm/npm-virtual/@babel/helper-hoist-variables/-/helper-hoist-variables-7.16.7.tgz#86bcb19a77a509c7b77d0e22323ef588fa58c246"
  integrity sha1-hryxmnelCce3fQ4iMj71iPpYwkY=
  dependencies:
    "@babel/types" "^7.16.7"

"@babel/helper-module-imports@^7.16.7":
  version "7.16.7"
  resolved "https://npd-tools.npdng.org/artifactory/api/npm/npm-virtual/@babel/helper-module-imports/-/helper-module-imports-7.16.7.tgz#25612a8091a999704461c8a222d0efec5d091437"
  integrity sha1-JWEqgJGpmXBEYciiItDv7F0JFDc=
  dependencies:
    "@babel/types" "^7.16.7"

"@babel/helper-module-transforms@^7.16.7":
  version "7.16.7"
  resolved "https://npd-tools.npdng.org/artifactory/api/npm/npm-virtual/@babel/helper-module-transforms/-/helper-module-transforms-7.16.7.tgz#7665faeb721a01ca5327ddc6bba15a5cb34b6a41"
  integrity sha1-dmX663IaAcpTJ93Gu6FaXLNLakE=
  dependencies:
    "@babel/helper-environment-visitor" "^7.16.7"
    "@babel/helper-module-imports" "^7.16.7"
    "@babel/helper-simple-access" "^7.16.7"
    "@babel/helper-split-export-declaration" "^7.16.7"
    "@babel/helper-validator-identifier" "^7.16.7"
    "@babel/template" "^7.16.7"
    "@babel/traverse" "^7.16.7"
    "@babel/types" "^7.16.7"

"@babel/helper-plugin-utils@^7.16.7":
  version "7.16.7"
  resolved "https://npd-tools.npdng.org/artifactory/api/npm/npm-virtual/@babel/helper-plugin-utils/-/helper-plugin-utils-7.16.7.tgz#aa3a8ab4c3cceff8e65eb9e73d87dc4ff320b2f5"
  integrity sha1-qjqKtMPM7/jmXrnnPYfcT/MgsvU=

"@babel/helper-simple-access@^7.16.7":
  version "7.16.7"
  resolved "https://npd-tools.npdng.org/artifactory/api/npm/npm-virtual/@babel/helper-simple-access/-/helper-simple-access-7.16.7.tgz#d656654b9ea08dbb9659b69d61063ccd343ff0f7"
  integrity sha1-1lZlS56gjbuWWbadYQY8zTQ/8Pc=
  dependencies:
    "@babel/types" "^7.16.7"

"@babel/helper-split-export-declaration@^7.16.7":
  version "7.16.7"
  resolved "https://npd-tools.npdng.org/artifactory/api/npm/npm-virtual/@babel/helper-split-export-declaration/-/helper-split-export-declaration-7.16.7.tgz#0b648c0c42da9d3920d85ad585f2778620b8726b"
  integrity sha1-C2SMDELanTkg2FrVhfJ3hiC4cms=
  dependencies:
    "@babel/types" "^7.16.7"

"@babel/helper-validator-identifier@^7.16.7":
  version "7.16.7"
  resolved "https://npd-tools.npdng.org/artifactory/api/npm/npm-virtual/@babel/helper-validator-identifier/-/helper-validator-identifier-7.16.7.tgz#e8c602438c4a8195751243da9031d1607d247cad"
  integrity sha1-6MYCQ4xKgZV1EkPakDHRYH0kfK0=

"@babel/helper-validator-option@^7.16.7":
  version "7.16.7"
  resolved "https://npd-tools.npdng.org/artifactory/api/npm/npm-virtual/@babel/helper-validator-option/-/helper-validator-option-7.16.7.tgz#b203ce62ce5fe153899b617c08957de860de4d23"
  integrity sha1-sgPOYs5f4VOJm2F8CJV96GDeTSM=

"@babel/helpers@^7.17.0":
  version "7.17.0"
  resolved "https://npd-tools.npdng.org/artifactory/api/npm/npm-virtual/@babel/helpers/-/helpers-7.17.0.tgz#79cdf6c66a579f3a7b5e739371bc63ca0306886b"
  integrity sha1-ec32xmpXnzp7XnOTcbxjygMGiGs=
  dependencies:
    "@babel/template" "^7.16.7"
    "@babel/traverse" "^7.17.0"
    "@babel/types" "^7.17.0"

"@babel/highlight@^7.16.7":
  version "7.16.10"
  resolved "https://npd-tools.npdng.org/artifactory/api/npm/npm-virtual/@babel/highlight/-/highlight-7.16.10.tgz#744f2eb81579d6eea753c227b0f570ad785aba88"
  integrity sha1-dE8uuBV51u6nU8InsPVwrXhauog=
  dependencies:
    "@babel/helper-validator-identifier" "^7.16.7"
    chalk "^2.0.0"
    js-tokens "^4.0.0"

"@babel/parser@^7.16.7", "@babel/parser@^7.17.0":
  version "7.17.0"
  resolved "https://npd-tools.npdng.org/artifactory/api/npm/npm-virtual/@babel/parser/-/parser-7.17.0.tgz#f0ac33eddbe214e4105363bb17c3341c5ffcc43c"
  integrity sha1-8Kwz7dviFOQQU2O7F8M0HF/8xDw=

"@babel/plugin-syntax-jsx@^7.16.7":
  version "7.16.7"
  resolved "https://npd-tools.npdng.org/artifactory/api/npm/npm-virtual/@babel/plugin-syntax-jsx/-/plugin-syntax-jsx-7.16.7.tgz#50b6571d13f764266a113d77c82b4a6508bbe665"
  integrity sha1-ULZXHRP3ZCZqET13yCtKZQi75mU=
  dependencies:
    "@babel/helper-plugin-utils" "^7.16.7"

"@babel/plugin-transform-react-jsx-development@^7.16.5":
  version "7.16.7"
  resolved "https://npd-tools.npdng.org/artifactory/api/npm/npm-virtual/@babel/plugin-transform-react-jsx-development/-/plugin-transform-react-jsx-development-7.16.7.tgz#43a00724a3ed2557ed3f276a01a929e6686ac7b8"
  integrity sha1-Q6AHJKPtJVftPydqAakp5mhqx7g=
  dependencies:
    "@babel/plugin-transform-react-jsx" "^7.16.7"

"@babel/plugin-transform-react-jsx-self@^7.16.5":
  version "7.16.7"
  resolved "https://npd-tools.npdng.org/artifactory/api/npm/npm-virtual/@babel/plugin-transform-react-jsx-self/-/plugin-transform-react-jsx-self-7.16.7.tgz#f432ad0cba14c4a1faf44f0076c69e42a4d4479e"
  integrity sha1-9DKtDLoUxKH69E8AdsaeQqTUR54=
  dependencies:
    "@babel/helper-plugin-utils" "^7.16.7"

"@babel/plugin-transform-react-jsx-source@^7.16.5":
  version "7.16.7"
  resolved "https://npd-tools.npdng.org/artifactory/api/npm/npm-virtual/@babel/plugin-transform-react-jsx-source/-/plugin-transform-react-jsx-source-7.16.7.tgz#1879c3f23629d287cc6186a6c683154509ec70c0"
  integrity sha1-GHnD8jYp0ofMYYamxoMVRQnscMA=
  dependencies:
    "@babel/helper-plugin-utils" "^7.16.7"

"@babel/plugin-transform-react-jsx@^7.16.5", "@babel/plugin-transform-react-jsx@^7.16.7":
  version "7.16.7"
  resolved "https://npd-tools.npdng.org/artifactory/api/npm/npm-virtual/@babel/plugin-transform-react-jsx/-/plugin-transform-react-jsx-7.16.7.tgz#86a6a220552afd0e4e1f0388a68a372be7add0d4"
  integrity sha1-hqaiIFUq/Q5OHwOIpoo3K+et0NQ=
  dependencies:
    "@babel/helper-annotate-as-pure" "^7.16.7"
    "@babel/helper-module-imports" "^7.16.7"
    "@babel/helper-plugin-utils" "^7.16.7"
    "@babel/plugin-syntax-jsx" "^7.16.7"
    "@babel/types" "^7.16.7"

"@babel/runtime@^7.15.4":
  version "7.17.2"
  resolved "https://npd-tools.npdng.org/artifactory/api/npm/npm-virtual/@babel/runtime/-/runtime-7.17.2.tgz#66f68591605e59da47523c631416b18508779941"
  integrity sha1-ZvaFkWBeWdpHUjxjFBaxhQh3mUE=
  dependencies:
    regenerator-runtime "^0.13.4"

"@babel/runtime@^7.9.2":
  version "7.17.0"
  resolved "https://npd-tools.npdng.org/artifactory/api/npm/npm-virtual/@babel/runtime/-/runtime-7.17.0.tgz#b8d142fc0f7664fb3d9b5833fd40dcbab89276c0"
  integrity sha1-uNFC/A92ZPs9m1gz/UDcuriSdsA=
  dependencies:
    regenerator-runtime "^0.13.4"

"@babel/template@^7.16.7":
  version "7.16.7"
  resolved "https://npd-tools.npdng.org/artifactory/api/npm/npm-virtual/@babel/template/-/template-7.16.7.tgz#8d126c8701fde4d66b264b3eba3d96f07666d155"
  integrity sha1-jRJshwH95NZrJks+uj2W8HZm0VU=
  dependencies:
    "@babel/code-frame" "^7.16.7"
    "@babel/parser" "^7.16.7"
    "@babel/types" "^7.16.7"

"@babel/traverse@^7.16.7", "@babel/traverse@^7.17.0":
  version "7.17.0"
  resolved "https://npd-tools.npdng.org/artifactory/api/npm/npm-virtual/@babel/traverse/-/traverse-7.17.0.tgz#3143e5066796408ccc880a33ecd3184f3e75cd30"
  integrity sha1-MUPlBmeWQIzMiAoz7NMYTz51zTA=
  dependencies:
    "@babel/code-frame" "^7.16.7"
    "@babel/generator" "^7.17.0"
    "@babel/helper-environment-visitor" "^7.16.7"
    "@babel/helper-function-name" "^7.16.7"
    "@babel/helper-hoist-variables" "^7.16.7"
    "@babel/helper-split-export-declaration" "^7.16.7"
    "@babel/parser" "^7.17.0"
    "@babel/types" "^7.17.0"
    debug "^4.1.0"
    globals "^11.1.0"

"@babel/types@^7.16.7", "@babel/types@^7.17.0":
  version "7.17.0"
  resolved "https://npd-tools.npdng.org/artifactory/api/npm/npm-virtual/@babel/types/-/types-7.17.0.tgz#a826e368bccb6b3d84acd76acad5c0d87342390b"
  integrity sha1-qCbjaLzLaz2ErNdqytXA2HNCOQs=
  dependencies:
    "@babel/helper-validator-identifier" "^7.16.7"
    to-fast-properties "^2.0.0"

"@jridgewell/resolve-uri@^3.0.3":
  version "3.0.4"
  resolved "https://npd-tools.npdng.org/artifactory/api/npm/npm-virtual/@jridgewell/resolve-uri/-/resolve-uri-3.0.4.tgz#b876e3feefb9c8d3aa84014da28b5e52a0640d72"
  integrity sha1-uHbj/u+5yNOqhAFNooteUqBkDXI=

"@jridgewell/trace-mapping@^0.2.2":
  version "0.2.5"
  resolved "https://npd-tools.npdng.org/artifactory/api/npm/npm-virtual/@jridgewell/trace-mapping/-/trace-mapping-0.2.5.tgz#d5061cc513fd3a0a949feb56b8073989865b1abe"
  integrity sha1-1QYcxRP9OgqUn+tWuAc5iYZbGr4=
  dependencies:
    "@jridgewell/resolve-uri" "^3.0.3"
    sourcemap-codec "1.4.8"

"@reduxjs/toolkit@^1.7.2":
  version "1.7.2"
  resolved "https://npd-tools.npdng.org/artifactory/api/npm/npm-virtual/@reduxjs/toolkit/-/toolkit-1.7.2.tgz#b428aaef92582379464f9de698dbb71957eafb02"
  integrity sha1-tCiq75JYI3lGT53mmNu3GVfq+wI=
  dependencies:
    immer "^9.0.7"
    redux "^4.1.2"
    redux-thunk "^2.4.1"
    reselect "^4.1.5"

"@rollup/pluginutils@^4.1.2":
  version "4.1.2"
  resolved "https://npd-tools.npdng.org/artifactory/api/npm/npm-virtual/@rollup/pluginutils/-/pluginutils-4.1.2.tgz#ed5821c15e5e05e32816f5fb9ec607cdf5a75751"
  integrity sha1-7VghwV5eBeMoFvX7nsYHzfWnV1E=
  dependencies:
    estree-walker "^2.0.1"
    picomatch "^2.2.2"

"@types/hoist-non-react-statics@^3.3.0":
  version "3.3.1"
  resolved "https://npd-tools.npdng.org/artifactory/api/npm/npm-virtual/@types/hoist-non-react-statics/-/hoist-non-react-statics-3.3.1.tgz#1124aafe5118cb591977aeb1ceaaed1070eb039f"
  integrity sha1-ESSq/lEYy1kZd66xzqrtEHDrA58=
  dependencies:
    "@types/react" "*"
    hoist-non-react-statics "^3.3.0"

"@types/prop-types@*":
  version "15.7.4"
  resolved "https://npd-tools.npdng.org/artifactory/api/npm/npm-virtual/@types/prop-types/-/prop-types-15.7.4.tgz#fcf7205c25dff795ee79af1e30da2c9790808f11"
  integrity sha1-/PcgXCXf95Xuea8eMNosl5CAjxE=

"@types/react-dom@^17.0.10":
  version "17.0.11"
  resolved "https://npd-tools.npdng.org/artifactory/api/npm/npm-virtual/@types/react-dom/-/react-dom-17.0.11.tgz#e1eadc3c5e86bdb5f7684e00274ae228e7bcc466"
  integrity sha1-4ercPF6GvbX3aE4AJ0riKOe8xGY=
  dependencies:
    "@types/react" "*"

"@types/react-redux@^7.1.20", "@types/react-redux@^7.1.22":
  version "7.1.22"
  resolved "https://npd-tools.npdng.org/artifactory/api/npm/npm-virtual/@types/react-redux/-/react-redux-7.1.22.tgz#0eab76a37ef477cc4b53665aeaf29cb60631b72a"
  integrity sha1-Dqt2o370d8xLU2Za6vKctgYxtyo=
  dependencies:
    "@types/hoist-non-react-statics" "^3.3.0"
    "@types/react" "*"
    hoist-non-react-statics "^3.3.0"
    redux "^4.0.0"

"@types/react@*", "@types/react@^17.0.33":
  version "17.0.38"
  resolved "https://npd-tools.npdng.org/artifactory/api/npm/npm-virtual/@types/react/-/react-17.0.38.tgz#f24249fefd89357d5fa71f739a686b8d7c7202bd"
  integrity sha1-8kJJ/v2JNX1fpx9zmmhrjXxyAr0=
  dependencies:
    "@types/prop-types" "*"
    "@types/scheduler" "*"
    csstype "^3.0.2"

"@types/scheduler@*":
  version "0.16.2"
  resolved "https://npd-tools.npdng.org/artifactory/api/npm/npm-virtual/@types/scheduler/-/scheduler-0.16.2.tgz#1a62f89525723dde24ba1b01b092bf5df8ad4d39"
  integrity sha1-GmL4lSVyPd4kuhsBsJK/XfitTTk=

"@vitejs/plugin-react@^1.0.7":
  version "1.1.4"
  resolved "https://npd-tools.npdng.org/artifactory/api/npm/npm-virtual/@vitejs/plugin-react/-/plugin-react-1.1.4.tgz#a3f3f49d11890bf73bc64d545ce8fe7f5d506e85"
  integrity sha1-o/P0nRGJC/c7xk1UXOj+f11QboU=
  dependencies:
    "@babel/core" "^7.16.5"
    "@babel/plugin-transform-react-jsx" "^7.16.5"
    "@babel/plugin-transform-react-jsx-development" "^7.16.5"
    "@babel/plugin-transform-react-jsx-self" "^7.16.5"
    "@babel/plugin-transform-react-jsx-source" "^7.16.5"
    "@rollup/pluginutils" "^4.1.2"
    react-refresh "^0.11.0"
    resolve "^1.20.0"

animejs@^3.2.1:
  version "3.2.1"
  resolved "https://npd-tools.npdng.org/artifactory/api/npm/npm-virtual/animejs/-/animejs-3.2.1.tgz#de9fe2e792f44a777a7fdf6ae160e26604b0cdda"
  integrity sha1-3p/i55L0Snd6f99q4WDiZgSwzdo=

ansi-styles@^3.2.1:
  version "3.2.1"
  resolved "https://npd-tools.npdng.org/artifactory/api/npm/npm-virtual/ansi-styles/-/ansi-styles-3.2.1.tgz#41fbb20243e50b12be0f04b8dedbf07520ce841d"
  integrity sha1-QfuyAkPlCxK+DwS43tvwdSDOhB0=
  dependencies:
    color-convert "^1.9.0"

browserslist@^4.17.5:
  version "4.19.1"
  resolved "https://npd-tools.npdng.org/artifactory/api/npm/npm-virtual/browserslist/-/browserslist-4.19.1.tgz#4ac0435b35ab655896c31d53018b6dd5e9e4c9a3"
  integrity sha1-SsBDWzWrZViWwx1TAYtt1enkyaM=
  dependencies:
    caniuse-lite "^1.0.30001286"
    electron-to-chromium "^1.4.17"
    escalade "^3.1.1"
    node-releases "^2.0.1"
    picocolors "^1.0.0"

caniuse-lite@^1.0.30001286:
  version "1.0.30001306"
  resolved "https://npd-tools.npdng.org/artifactory/api/npm/npm-virtual/caniuse-lite/-/caniuse-lite-1.0.30001306.tgz#582592afe243bad2223081b8abab07bf289cc699"
  integrity sha1-WCWSr+JDutIiMIG4q6sHvyicxpk=

chalk@^2.0.0:
  version "2.4.2"
  resolved "https://npd-tools.npdng.org/artifactory/api/npm/npm-virtual/chalk/-/chalk-2.4.2.tgz#cd42541677a54333cf541a49108c1432b44c9424"
  integrity sha1-zUJUFnelQzPPVBpJEIwUMrRMlCQ=
  dependencies:
    ansi-styles "^3.2.1"
    escape-string-regexp "^1.0.5"
    supports-color "^5.3.0"

color-convert@^1.9.0:
  version "1.9.3"
  resolved "https://npd-tools.npdng.org/artifactory/api/npm/npm-virtual/color-convert/-/color-convert-1.9.3.tgz#bb71850690e1f136567de629d2d5471deda4c1e8"
  integrity sha1-u3GFBpDh8TZWfeYp0tVHHe2kweg=
  dependencies:
    color-name "1.1.3"

color-name@1.1.3:
  version "1.1.3"
  resolved "https://npd-tools.npdng.org/artifactory/api/npm/npm-virtual/color-name/-/color-name-1.1.3.tgz#a7d0558bd89c42f795dd42328f740831ca53bc25"
  integrity sha1-p9BVi9icQveV3UIyj3QIMcpTvCU=

convert-source-map@^1.7.0:
  version "1.8.0"
  resolved "https://npd-tools.npdng.org/artifactory/api/npm/npm-virtual/convert-source-map/-/convert-source-map-1.8.0.tgz#f3373c32d21b4d780dd8004514684fb791ca4369"
  integrity sha1-8zc8MtIbTXgN2ABFFGhPt5HKQ2k=
  dependencies:
    safe-buffer "~5.1.1"

csstype@^3.0.2:
  version "3.0.10"
  resolved "https://npd-tools.npdng.org/artifactory/api/npm/npm-virtual/csstype/-/csstype-3.0.10.tgz#2ad3a7bed70f35b965707c092e5f30b327c290e5"
  integrity sha1-KtOnvtcPNbllcHwJLl8wsyfCkOU=

debug@^4.1.0:
  version "4.3.3"
  resolved "https://npd-tools.npdng.org/artifactory/api/npm/npm-virtual/debug/-/debug-4.3.3.tgz#04266e0b70a98d4462e6e288e38259213332b664"
  integrity sha1-BCZuC3CpjURi5uKI44JZITMytmQ=
  dependencies:
    ms "2.1.2"

electron-to-chromium@^1.4.17:
  version "1.4.63"
  resolved "https://npd-tools.npdng.org/artifactory/api/npm/npm-virtual/electron-to-chromium/-/electron-to-chromium-1.4.63.tgz#866db72d1221fda89419dc22669d03833e11625d"
  integrity sha1-hm23LRIh/aiUGdwiZp0Dgz4RYl0=

esbuild-android-arm64@0.13.15:
  version "0.13.15"
  resolved "https://npd-tools.npdng.org/artifactory/api/npm/npm-virtual/esbuild-android-arm64/-/esbuild-android-arm64-0.13.15.tgz#3fc3ff0bab76fe35dd237476b5d2b32bb20a3d44"
  integrity sha1-P8P/C6t2/jXdI3R2tdKzK7IKPUQ=

esbuild-darwin-64@0.13.15:
  version "0.13.15"
  resolved "https://npd-tools.npdng.org/artifactory/api/npm/npm-virtual/esbuild-darwin-64/-/esbuild-darwin-64-0.13.15.tgz#8e9169c16baf444eacec60d09b24d11b255a8e72"
  integrity sha1-jpFpwWuvRE6s7GDQmyTRGyVajnI=

esbuild-darwin-arm64@0.13.15:
  version "0.13.15"
  resolved "https://npd-tools.npdng.org/artifactory/api/npm/npm-virtual/esbuild-darwin-arm64/-/esbuild-darwin-arm64-0.13.15.tgz#1b07f893b632114f805e188ddfca41b2b778229a"
  integrity sha1-Gwf4k7YyEU+AXhiN38pBsrd4Ipo=

esbuild-freebsd-64@0.13.15:
  version "0.13.15"
  resolved "https://npd-tools.npdng.org/artifactory/api/npm/npm-virtual/esbuild-freebsd-64/-/esbuild-freebsd-64-0.13.15.tgz#0b8b7eca1690c8ec94c75680c38c07269c1f4a85"
  integrity sha1-C4t+yhaQyOyUx1aAw4wHJpwfSoU=

esbuild-freebsd-arm64@0.13.15:
  version "0.13.15"
  resolved "https://npd-tools.npdng.org/artifactory/api/npm/npm-virtual/esbuild-freebsd-arm64/-/esbuild-freebsd-arm64-0.13.15.tgz#2e1a6c696bfdcd20a99578b76350b41db1934e52"
  integrity sha1-LhpsaWv9zSCplXi3Y1C0HbGTTlI=

esbuild-linux-32@0.13.15:
  version "0.13.15"
  resolved "https://npd-tools.npdng.org/artifactory/api/npm/npm-virtual/esbuild-linux-32/-/esbuild-linux-32-0.13.15.tgz#6fd39f36fc66dd45b6b5f515728c7bbebc342a69"
  integrity sha1-b9OfNvxm3UW2tfUVcox7vrw0Kmk=

esbuild-linux-64@0.13.15:
  version "0.13.15"
  resolved "https://npd-tools.npdng.org/artifactory/api/npm/npm-virtual/esbuild-linux-64/-/esbuild-linux-64-0.13.15.tgz#9cb8e4bcd7574e67946e4ee5f1f1e12386bb6dd3"
  integrity sha1-nLjkvNdXTmeUbk7l8fHhI4a7bdM=

esbuild-linux-arm64@0.13.15:
  version "0.13.15"
  resolved "https://npd-tools.npdng.org/artifactory/api/npm/npm-virtual/esbuild-linux-arm64/-/esbuild-linux-arm64-0.13.15.tgz#3891aa3704ec579a1b92d2a586122e5b6a2bfba1"
  integrity sha1-OJGqNwTsV5obktKlhhIuW2or+6E=

esbuild-linux-arm@0.13.15:
  version "0.13.15"
  resolved "https://npd-tools.npdng.org/artifactory/api/npm/npm-virtual/esbuild-linux-arm/-/esbuild-linux-arm-0.13.15.tgz#8a00e99e6a0c6c9a6b7f334841364d8a2b4aecfe"
  integrity sha1-igDpnmoMbJprfzNIQTZNiitK7P4=

esbuild-linux-mips64le@0.13.15:
  version "0.13.15"
  resolved "https://npd-tools.npdng.org/artifactory/api/npm/npm-virtual/esbuild-linux-mips64le/-/esbuild-linux-mips64le-0.13.15.tgz#36b07cc47c3d21e48db3bb1f4d9ef8f46aead4f7"
  integrity sha1-NrB8xHw9IeSNs7sfTZ749Grq1Pc=

esbuild-linux-ppc64le@0.13.15:
  version "0.13.15"
  resolved "https://npd-tools.npdng.org/artifactory/api/npm/npm-virtual/esbuild-linux-ppc64le/-/esbuild-linux-ppc64le-0.13.15.tgz#f7e6bba40b9a11eb9dcae5b01550ea04670edad2"
  integrity sha1-9+a7pAuaEeudyuWwFVDqBGcO2tI=

esbuild-netbsd-64@0.13.15:
  version "0.13.15"
  resolved "https://npd-tools.npdng.org/artifactory/api/npm/npm-virtual/esbuild-netbsd-64/-/esbuild-netbsd-64-0.13.15.tgz#a2fedc549c2b629d580a732d840712b08d440038"
  integrity sha1-ov7cVJwrYp1YCnMthAcSsI1EADg=

esbuild-openbsd-64@0.13.15:
  version "0.13.15"
  resolved "https://npd-tools.npdng.org/artifactory/api/npm/npm-virtual/esbuild-openbsd-64/-/esbuild-openbsd-64-0.13.15.tgz#b22c0e5806d3a1fbf0325872037f885306b05cd7"
  integrity sha1-siwOWAbTofvwMlhyA3+IUwawXNc=

esbuild-sunos-64@0.13.15:
  version "0.13.15"
  resolved "https://npd-tools.npdng.org/artifactory/api/npm/npm-virtual/esbuild-sunos-64/-/esbuild-sunos-64-0.13.15.tgz#d0b6454a88375ee8d3964daeff55c85c91c7cef4"
  integrity sha1-0LZFSog3XujTlk2u/1XIXJHHzvQ=

esbuild-windows-32@0.13.15:
  version "0.13.15"
  resolved "https://npd-tools.npdng.org/artifactory/api/npm/npm-virtual/esbuild-windows-32/-/esbuild-windows-32-0.13.15.tgz#c96d0b9bbb52f3303322582ef8e4847c5ad375a7"
  integrity sha1-yW0Lm7tS8zAzIlgu+OSEfFrTdac=

esbuild-windows-64@0.13.15:
  version "0.13.15"
  resolved "https://npd-tools.npdng.org/artifactory/api/npm/npm-virtual/esbuild-windows-64/-/esbuild-windows-64-0.13.15.tgz#1f79cb9b1e1bb02fb25cd414cb90d4ea2892c294"
  integrity sha1-H3nLmx4bsC+yXNQUy5DU6iiSwpQ=

esbuild-windows-arm64@0.13.15:
  version "0.13.15"
  resolved "https://npd-tools.npdng.org/artifactory/api/npm/npm-virtual/esbuild-windows-arm64/-/esbuild-windows-arm64-0.13.15.tgz#482173070810df22a752c686509c370c3be3b3c3"
  integrity sha1-SCFzBwgQ3yKnUsaGUJw3DDvjs8M=

esbuild@^0.13.12:
  version "0.13.15"
  resolved "https://npd-tools.npdng.org/artifactory/api/npm/npm-virtual/esbuild/-/esbuild-0.13.15.tgz#db56a88166ee373f87dbb2d8798ff449e0450cdf"
  integrity sha1-21aogWbuNz+H27LYeY/0SeBFDN8=
  optionalDependencies:
    esbuild-android-arm64 "0.13.15"
    esbuild-darwin-64 "0.13.15"
    esbuild-darwin-arm64 "0.13.15"
    esbuild-freebsd-64 "0.13.15"
    esbuild-freebsd-arm64 "0.13.15"
    esbuild-linux-32 "0.13.15"
    esbuild-linux-64 "0.13.15"
    esbuild-linux-arm "0.13.15"
    esbuild-linux-arm64 "0.13.15"
    esbuild-linux-mips64le "0.13.15"
    esbuild-linux-ppc64le "0.13.15"
    esbuild-netbsd-64 "0.13.15"
    esbuild-openbsd-64 "0.13.15"
    esbuild-sunos-64 "0.13.15"
    esbuild-windows-32 "0.13.15"
    esbuild-windows-64 "0.13.15"
    esbuild-windows-arm64 "0.13.15"

escalade@^3.1.1:
  version "3.1.1"
  resolved "https://npd-tools.npdng.org/artifactory/api/npm/npm-virtual/escalade/-/escalade-3.1.1.tgz#d8cfdc7000965c5a0174b4a82eaa5c0552742e40"
  integrity sha1-2M/ccACWXFoBdLSoLqpcBVJ0LkA=

escape-string-regexp@^1.0.5:
  version "1.0.5"
  resolved "https://npd-tools.npdng.org/artifactory/api/npm/npm-virtual/escape-string-regexp/-/escape-string-regexp-1.0.5.tgz#1b61c0562190a8dff6ae3bb2cf0200ca130b86d4"
  integrity sha1-G2HAViGQqN/2rjuyzwIAyhMLhtQ=

estree-walker@^2.0.1:
  version "2.0.2"
  resolved "https://npd-tools.npdng.org/artifactory/api/npm/npm-virtual/estree-walker/-/estree-walker-2.0.2.tgz#52f010178c2a4c117a7757cfe942adb7d2da4cac"
  integrity sha1-UvAQF4wqTBF6d1fP6UKtt9LaTKw=

fsevents@~2.3.2:
  version "2.3.2"
  resolved "https://npd-tools.npdng.org/artifactory/api/npm/npm-virtual/fsevents/-/fsevents-2.3.2.tgz#8a526f78b8fdf4623b709e0b975c52c24c02fd1a"
  integrity sha1-ilJveLj99GI7cJ4Ll1xSwkwC/Ro=

function-bind@^1.1.1:
  version "1.1.1"
  resolved "https://npd-tools.npdng.org/artifactory/api/npm/npm-virtual/function-bind/-/function-bind-1.1.1.tgz#a56899d3ea3c9bab874bb9773b7c5ede92f4895d"
  integrity sha1-pWiZ0+o8m6uHS7l3O3xe3pL0iV0=

gensync@^1.0.0-beta.2:
  version "1.0.0-beta.2"
  resolved "https://npd-tools.npdng.org/artifactory/api/npm/npm-virtual/gensync/-/gensync-1.0.0-beta.2.tgz#32a6ee76c3d7f52d46b2b1ae5d93fea8580a25e0"
  integrity sha1-MqbudsPX9S1GsrGuXZP+qFgKJeA=

globals@^11.1.0:
  version "11.12.0"
  resolved "https://npd-tools.npdng.org/artifactory/api/npm/npm-virtual/globals/-/globals-11.12.0.tgz#ab8795338868a0babd8525758018c2a7eb95c42e"
  integrity sha1-q4eVM4hooLq9hSV1gBjCp+uVxC4=

has-flag@^3.0.0:
  version "3.0.0"
  resolved "https://npd-tools.npdng.org/artifactory/api/npm/npm-virtual/has-flag/-/has-flag-3.0.0.tgz#b5d454dc2199ae225699f3467e5a07f3b955bafd"
  integrity sha1-tdRU3CGZriJWmfNGfloH87lVuv0=

has@^1.0.3:
  version "1.0.3"
  resolved "https://npd-tools.npdng.org/artifactory/api/npm/npm-virtual/has/-/has-1.0.3.tgz#722d7cbfc1f6aa8241f16dd814e011e1f41e8796"
  integrity sha1-ci18v8H2qoJB8W3YFOAR4fQeh5Y=
  dependencies:
    function-bind "^1.1.1"

hoist-non-react-statics@^3.3.0, hoist-non-react-statics@^3.3.2:
  version "3.3.2"
  resolved "https://npd-tools.npdng.org/artifactory/api/npm/npm-virtual/hoist-non-react-statics/-/hoist-non-react-statics-3.3.2.tgz#ece0acaf71d62c2969c2ec59feff42a4b1a85b45"
  integrity sha1-7OCsr3HWLClpwuxZ/v9CpLGoW0U=
  dependencies:
    react-is "^16.7.0"

immer@^9.0.7:
  version "9.0.12"
  resolved "https://npd-tools.npdng.org/artifactory/api/npm/npm-virtual/immer/-/immer-9.0.12.tgz#2d33ddf3ee1d247deab9d707ca472c8c942a0f20"
  integrity sha1-LTPd8+4dJH3qudcHykcsjJQqDyA=

is-core-module@^2.8.1:
  version "2.8.1"
  resolved "https://npd-tools.npdng.org/artifactory/api/npm/npm-virtual/is-core-module/-/is-core-module-2.8.1.tgz#f59fdfca701d5879d0a6b100a40aa1560ce27211"
  integrity sha1-9Z/fynAdWHnQprEApAqhVgzichE=
  dependencies:
    has "^1.0.3"

"js-tokens@^3.0.0 || ^4.0.0", js-tokens@^4.0.0:
  version "4.0.0"
  resolved "https://npd-tools.npdng.org/artifactory/api/npm/npm-virtual/js-tokens/-/js-tokens-4.0.0.tgz#19203fb59991df98e3a287050d4647cdeaf32499"
  integrity sha1-GSA/tZmR35jjoocFDUZHzerzJJk=

jsesc@^2.5.1:
  version "2.5.2"
  resolved "https://npd-tools.npdng.org/artifactory/api/npm/npm-virtual/jsesc/-/jsesc-2.5.2.tgz#80564d2e483dacf6e8ef209650a67df3f0c283a4"
  integrity sha1-gFZNLkg9rPbo7yCWUKZ98/DCg6Q=

json5@^2.1.2:
  version "2.2.0"
  resolved "https://npd-tools.npdng.org/artifactory/api/npm/npm-virtual/json5/-/json5-2.2.0.tgz#2dfefe720c6ba525d9ebd909950f0515316c89a3"
  integrity sha1-Lf7+cgxrpSXZ69kJlQ8FFTFsiaM=
  dependencies:
    minimist "^1.2.5"

loose-envify@^1.1.0, loose-envify@^1.4.0:
  version "1.4.0"
  resolved "https://npd-tools.npdng.org/artifactory/api/npm/npm-virtual/loose-envify/-/loose-envify-1.4.0.tgz#71ee51fa7be4caec1a63839f7e682d8132d30caf"
  integrity sha1-ce5R+nvkyuwaY4OffmgtgTLTDK8=
  dependencies:
    js-tokens "^3.0.0 || ^4.0.0"

minimist@^1.2.5:
  version "1.2.5"
  resolved "https://npd-tools.npdng.org/artifactory/api/npm/npm-virtual/minimist/-/minimist-1.2.5.tgz#67d66014b66a6a8aaa0c083c5fd58df4e4e97602"
  integrity sha1-Z9ZgFLZqaoqqDAg8X9WN9OTpdgI=

ms@2.1.2:
  version "2.1.2"
  resolved "https://npd-tools.npdng.org/artifactory/api/npm/npm-virtual/ms/-/ms-2.1.2.tgz#d09d1f357b443f493382a8eb3ccd183872ae6009"
  integrity sha1-0J0fNXtEP0kzgqjrPM0YOHKuYAk=

nanoid@^3.2.0:
  version "3.2.0"
  resolved "https://npd-tools.npdng.org/artifactory/api/npm/npm-virtual/nanoid/-/nanoid-3.2.0.tgz#62667522da6673971cca916a6d3eff3f415ff80c"
  integrity sha1-YmZ1Itpmc5ccypFqbT7/P0Ff+Aw=

node-releases@^2.0.1:
  version "2.0.1"
  resolved "https://npd-tools.npdng.org/artifactory/api/npm/npm-virtual/node-releases/-/node-releases-2.0.1.tgz#3d1d395f204f1f2f29a54358b9fb678765ad2fc5"
  integrity sha1-PR05XyBPHy8ppUNYuftnh2WtL8U=

object-assign@^4.1.1:
  version "4.1.1"
  resolved "https://npd-tools.npdng.org/artifactory/api/npm/npm-virtual/object-assign/-/object-assign-4.1.1.tgz#2109adc7965887cfc05cbbd442cac8bfbb360863"
  integrity sha1-IQmtx5ZYh8/AXLvUQsrIv7s2CGM=

path-parse@^1.0.7:
  version "1.0.7"
  resolved "https://npd-tools.npdng.org/artifactory/api/npm/npm-virtual/path-parse/-/path-parse-1.0.7.tgz#fbc114b60ca42b30d9daf5858e4bd68bbedb6735"
  integrity sha1-+8EUtgykKzDZ2vWFjkvWi77bZzU=

picocolors@^1.0.0:
  version "1.0.0"
  resolved "https://npd-tools.npdng.org/artifactory/api/npm/npm-virtual/picocolors/-/picocolors-1.0.0.tgz#cb5bdc74ff3f51892236eaf79d68bc44564ab81c"
  integrity sha1-y1vcdP8/UYkiNur3nWi8RFZKuBw=

picomatch@^2.2.2:
  version "2.3.1"
  resolved "https://npd-tools.npdng.org/artifactory/api/npm/npm-virtual/picomatch/-/picomatch-2.3.1.tgz#3ba3833733646d9d3e4995946c1365a67fb07a42"
  integrity sha1-O6ODNzNkbZ0+SZWUbBNlpn+wekI=

postcss@^8.4.5:
  version "8.4.6"
  resolved "https://npd-tools.npdng.org/artifactory/api/npm/npm-virtual/postcss/-/postcss-8.4.6.tgz#c5ff3c3c457a23864f32cb45ac9b741498a09ae1"
  integrity sha1-xf88PEV6I4ZPMstFrJt0FJigmuE=
  dependencies:
    nanoid "^3.2.0"
    picocolors "^1.0.0"
    source-map-js "^1.0.2"

prop-types@^15.7.2:
  version "15.8.1"
  resolved "https://npd-tools.npdng.org/artifactory/api/npm/npm-virtual/prop-types/-/prop-types-15.8.1.tgz#67d87bf1a694f48435cf332c24af10214a3140b5"
  integrity sha1-Z9h78aaU9IQ1zzMsJK8QIUoxQLU=
  dependencies:
    loose-envify "^1.4.0"
    object-assign "^4.1.1"
    react-is "^16.13.1"

react-dom@^17.0.2:
  version "17.0.2"
  resolved "https://npd-tools.npdng.org/artifactory/api/npm/npm-virtual/react-dom/-/react-dom-17.0.2.tgz#ecffb6845e3ad8dbfcdc498f0d0a939736502c23"
  integrity sha1-7P+2hF462Nv83EmPDQqTlzZQLCM=
  dependencies:
    loose-envify "^1.1.0"
    object-assign "^4.1.1"
    scheduler "^0.20.2"

react-is@^16.13.1, react-is@^16.7.0:
  version "16.13.1"
  resolved "https://npd-tools.npdng.org/artifactory/api/npm/npm-virtual/react-is/-/react-is-16.13.1.tgz#789729a4dc36de2999dc156dd6c1d9c18cea56a4"
  integrity sha1-eJcppNw23imZ3BVt1sHZwYzqVqQ=

react-is@^17.0.2:
  version "17.0.2"
  resolved "https://npd-tools.npdng.org/artifactory/api/npm/npm-virtual/react-is/-/react-is-17.0.2.tgz#e691d4a8e9c789365655539ab372762b0efb54f0"
  integrity sha1-5pHUqOnHiTZWVVOas3J2Kw77VPA=

react-redux@^7.2.6:
  version "7.2.6"
  resolved "https://npd-tools.npdng.org/artifactory/api/npm/npm-virtual/react-redux/-/react-redux-7.2.6.tgz#49633a24fe552b5f9caf58feb8a138936ddfe9aa"
  integrity sha1-SWM6JP5VK1+cr1j+uKE4k23f6ao=
  dependencies:
    "@babel/runtime" "^7.15.4"
    "@types/react-redux" "^7.1.20"
    hoist-non-react-statics "^3.3.2"
    loose-envify "^1.4.0"
    prop-types "^15.7.2"
    react-is "^17.0.2"

react-refresh@^0.11.0:
  version "0.11.0"
  resolved "https://npd-tools.npdng.org/artifactory/api/npm/npm-virtual/react-refresh/-/react-refresh-0.11.0.tgz#77198b944733f0f1f1a90e791de4541f9f074046"
  integrity sha1-dxmLlEcz8PHxqQ55HeRUH58HQEY=

react@^17.0.2:
  version "17.0.2"
  resolved "https://npd-tools.npdng.org/artifactory/api/npm/npm-virtual/react/-/react-17.0.2.tgz#d0b5cc516d29eb3eee383f75b62864cfb6800037"
  integrity sha1-0LXMUW0p6z7uOD91tihkz7aAADc=
  dependencies:
    loose-envify "^1.1.0"
    object-assign "^4.1.1"

redux-thunk@^2.4.1:
  version "2.4.1"
  resolved "https://npd-tools.npdng.org/artifactory/api/npm/npm-virtual/redux-thunk/-/redux-thunk-2.4.1.tgz#0dd8042cf47868f4b29699941de03c9301a75714"
  integrity sha1-DdgELPR4aPSylpmUHeA8kwGnVxQ=

redux@^4.0.0, redux@^4.1.2:
  version "4.1.2"
  resolved "https://npd-tools.npdng.org/artifactory/api/npm/npm-virtual/redux/-/redux-4.1.2.tgz#140f35426d99bb4729af760afcf79eaaac407104"
  integrity sha1-FA81Qm2Zu0cpr3YK/PeeqqxAcQQ=
  dependencies:
    "@babel/runtime" "^7.9.2"

regenerator-runtime@^0.13.4:
  version "0.13.9"
  resolved "https://npd-tools.npdng.org/artifactory/api/npm/npm-virtual/regenerator-runtime/-/regenerator-runtime-0.13.9.tgz#8925742a98ffd90814988d7566ad30ca3b263b52"
  integrity sha1-iSV0Kpj/2QgUmI11Zq0wyjsmO1I=

reselect@^4.1.5:
  version "4.1.5"
  resolved "https://npd-tools.npdng.org/artifactory/api/npm/npm-virtual/reselect/-/reselect-4.1.5.tgz#852c361247198da6756d07d9296c2b51eddb79f6"
  integrity sha1-hSw2EkcZjaZ1bQfZKWwrUe3befY=

resolve@^1.20.0:
  version "1.22.0"
  resolved "https://npd-tools.npdng.org/artifactory/api/npm/npm-virtual/resolve/-/resolve-1.22.0.tgz#5e0b8c67c15df57a89bdbabe603a002f21731198"
  integrity sha1-XguMZ8Fd9XqJvbq+YDoALyFzEZg=
  dependencies:
    is-core-module "^2.8.1"
    path-parse "^1.0.7"
    supports-preserve-symlinks-flag "^1.0.0"

rollup@^2.59.0:
  version "2.67.0"
  resolved "https://npd-tools.npdng.org/artifactory/api/npm/npm-virtual/rollup/-/rollup-2.67.0.tgz#496de7e641dbe39f681c5a82419cb5013917d406"
  integrity sha1-SW3n5kHb459oHFqCQZy1ATkX1AY=
  optionalDependencies:
    fsevents "~2.3.2"

safe-buffer@~5.1.1:
  version "5.1.2"
  resolved "https://npd-tools.npdng.org/artifactory/api/npm/npm-virtual/safe-buffer/-/safe-buffer-5.1.2.tgz#991ec69d296e0313747d59bdfd2b745c35f8828d"
  integrity sha1-mR7GnSluAxN0fVm9/St0XDX4go0=

scheduler@^0.20.2:
  version "0.20.2"
  resolved "https://npd-tools.npdng.org/artifactory/api/npm/npm-virtual/scheduler/-/scheduler-0.20.2.tgz#4baee39436e34aa93b4874bddcbf0fe8b8b50e91"
  integrity sha1-S67jlDbjSqk7SHS93L8P6Li1DpE=
  dependencies:
    loose-envify "^1.1.0"
    object-assign "^4.1.1"

semver@^6.3.0:
  version "6.3.0"
  resolved "https://npd-tools.npdng.org/artifactory/api/npm/npm-virtual/semver/-/semver-6.3.0.tgz#ee0a64c8af5e8ceea67687b133761e1becbd1d3d"
  integrity sha1-7gpkyK9ejO6mdoexM3YeG+y9HT0=

source-map-js@^1.0.2:
  version "1.0.2"
  resolved "https://npd-tools.npdng.org/artifactory/api/npm/npm-virtual/source-map-js/-/source-map-js-1.0.2.tgz#adbc361d9c62df380125e7f161f71c826f1e490c"
  integrity sha1-rbw2HZxi3zgBJefxYfccgm8eSQw=

source-map@^0.5.0:
  version "0.5.7"
  resolved "https://npd-tools.npdng.org/artifactory/api/npm/npm-virtual/source-map/-/source-map-0.5.7.tgz#8a039d2d1021d22d1ea14c80d8ea468ba2ef3fcc"
  integrity sha1-igOdLRAh0i0eoUyA2OpGi6LvP8w=

sourcemap-codec@1.4.8:
  version "1.4.8"
  resolved "https://npd-tools.npdng.org/artifactory/api/npm/npm-virtual/sourcemap-codec/-/sourcemap-codec-1.4.8.tgz#ea804bd94857402e6992d05a38ef1ae35a9ab4c4"
  integrity sha1-6oBL2UhXQC5pktBaOO8a41qatMQ=

supports-color@^5.3.0:
  version "5.5.0"
  resolved "https://npd-tools.npdng.org/artifactory/api/npm/npm-virtual/supports-color/-/supports-color-5.5.0.tgz#e2e69a44ac8772f78a1ec0b35b689df6530efc8f"
  integrity sha1-4uaaRKyHcveKHsCzW2id9lMO/I8=
  dependencies:
    has-flag "^3.0.0"

supports-preserve-symlinks-flag@^1.0.0:
  version "1.0.0"
  resolved "https://npd-tools.npdng.org/artifactory/api/npm/npm-virtual/supports-preserve-symlinks-flag/-/supports-preserve-symlinks-flag-1.0.0.tgz#6eda4bd344a3c94aea376d4cc31bc77311039e09"
  integrity sha1-btpL00SjyUrqN21MwxvHcxEDngk=

to-fast-properties@^2.0.0:
  version "2.0.0"
  resolved "https://npd-tools.npdng.org/artifactory/api/npm/npm-virtual/to-fast-properties/-/to-fast-properties-2.0.0.tgz#dc5e698cbd079265bc73e0377681a4e4e83f616e"
  integrity sha1-3F5pjL0HkmW8c+A3doGk5Og/YW4=

typescript@^4.4.4:
  version "4.5.5"
  resolved "https://npd-tools.npdng.org/artifactory/api/npm/npm-virtual/typescript/-/typescript-4.5.5.tgz#d8c953832d28924a9e3d37c73d729c846c5896f3"
  integrity sha1-2MlTgy0okkqePTfHPXKchGxYlvM=

vite@^2.7.2:
  version "2.7.13"
  resolved "https://npd-tools.npdng.org/artifactory/api/npm/npm-virtual/vite/-/vite-2.7.13.tgz#99b56e27dfb1e4399e407cf94648f5c7fb9d77f5"
  integrity sha1-mbVuJ9+x5DmeQHz5Rkj1x/udd/U=
  dependencies:
    esbuild "^0.13.12"
    postcss "^8.4.5"
    resolve "^1.20.0"
    rollup "^2.59.0"
  optionalDependencies:
    fsevents "~2.3.2"
